{
  "requires": true,
  "lockfileVersion": 1,
  "dependencies": {
    "gojs": {
      "version": "2.1.38",
      "resolved": "https://registry.npmjs.org/gojs/-/gojs-2.1.38.tgz",
      "integrity": "sha512-lPTw8G98/cCWzQdLkvAp5d9nwR6TUccazBgtbFU18qxtQrh4k6mkuqvLj3No43sV1MXXjwmUfZlgRgaOR5T/ag=="
    }
  }
}
